
Microsoft Visual Studio Solution File, Format Version 12.00
# Visual Studio Version 17
VisualStudioVersion = 17.8.34322.80
MinimumVisualStudioVersion = 10.0.40219.1
Project("{FAE04EC0-301F-11D3-BF4B-00C04F79EFBC}") = "DAL_Tanach", "DAL_Tanach\DAL_Tanach.csproj", "{0CD0C5CA-D073-481E-B9D1-C27624992DD9}"
EndProject
Project("{FAE04EC0-301F-11D3-BF4B-00C04F79EFBC}") = "BLL_Tanach", "..\BLL_Tanach\BLL_Tanach.csproj", "{57ED32D5-487E-4BB0-B05C-5C15275C5655}"
EndProject
Project("{FAE04EC0-301F-11D3-BF4B-00C04F79EFBC}") = "PL_Tanach", "..\PL_Tanach\PL_Tanach.csproj", "{4187988E-8ABB-41B3-9B60-2B079ED098D2}"
EndProject
Project("{FAE04EC0-301F-11D3-BF4B-00C04F79EFBC}") = "Enteties_Dto_Tanach", "..\Enteties_Dto_Tanach\Enteties_Dto_Tanach.csproj", "{C50E5125-8588-4C91-B169-63E3E1FA2D4B}"
EndProject
Project("{FAE04EC0-301F-11D3-BF4B-00C04F79EFBC}") = "WebApp_Tanach", "..\WebApp_Tanach\WebApp_Tanach.csproj", "{7BA792B6-AD26-4441-B86E-E3908ABAF4F0}"
EndProject
Global
	GlobalSection(SolutionConfigurationPlatforms) = preSolution
		Debug|Any CPU = Debug|Any CPU
		Release|Any CPU = Release|Any CPU
	EndGlobalSection
	GlobalSection(ProjectConfigurationPlatforms) = postSolution
		{0CD0C5CA-D073-481E-B9D1-C27624992DD9}.Debug|Any CPU.ActiveCfg = Debug|Any CPU
		{0CD0C5CA-D073-481E-B9D1-C27624992DD9}.Debug|Any CPU.Build.0 = Debug|Any CPU
		{0CD0C5CA-D073-481E-B9D1-C27624992DD9}.Release|Any CPU.ActiveCfg = Release|Any CPU
		{0CD0C5CA-D073-481E-B9D1-C27624992DD9}.Release|Any CPU.Build.0 = Release|Any CPU
		{57ED32D5-487E-4BB0-B05C-5C15275C5655}.Debug|Any CPU.ActiveCfg = Debug|Any CPU
		{57ED32D5-487E-4BB0-B05C-5C15275C5655}.Debug|Any CPU.Build.0 = Debug|Any CPU
		{57ED32D5-487E-4BB0-B05C-5C15275C5655}.Release|Any CPU.ActiveCfg = Release|Any CPU
		{57ED32D5-487E-4BB0-B05C-5C15275C5655}.Release|Any CPU.Build.0 = Release|Any CPU
		{4187988E-8ABB-41B3-9B60-2B079ED098D2}.Debug|Any CPU.ActiveCfg = Debug|Any CPU
		{4187988E-8ABB-41B3-9B60-2B079ED098D2}.Debug|Any CPU.Build.0 = Debug|Any CPU
		{4187988E-8ABB-41B3-9B60-2B079ED098D2}.Release|Any CPU.ActiveCfg = Release|Any CPU
		{4187988E-8ABB-41B3-9B60-2B079ED098D2}.Release|Any CPU.Build.0 = Release|Any CPU
		{C50E5125-8588-4C91-B169-63E3E1FA2D4B}.Debug|Any CPU.ActiveCfg = Debug|Any CPU
		{C50E5125-8588-4C91-B169-63E3E1FA2D4B}.Debug|Any CPU.Build.0 = Debug|Any CPU
		{C50E5125-8588-4C91-B169-63E3E1FA2D4B}.Release|Any CPU.ActiveCfg = Release|Any CPU
		{C50E5125-8588-4C91-B169-63E3E1FA2D4B}.Release|Any CPU.Build.0 = Release|Any CPU
		{7BA792B6-AD26-4441-B86E-E3908ABAF4F0}.Debug|Any CPU.ActiveCfg = Debug|Any CPU
		{7BA792B6-AD26-4441-B86E-E3908ABAF4F0}.Debug|Any CPU.Build.0 = Debug|Any CPU
		{7BA792B6-AD26-4441-B86E-E3908ABAF4F0}.Release|Any CPU.ActiveCfg = Release|Any CPU
		{7BA792B6-AD26-4441-B86E-E3908ABAF4F0}.Release|Any CPU.Build.0 = Release|Any CPU
	EndGlobalSection
	GlobalSection(SolutionProperties) = preSolution
		HideSolutionNode = FALSE
	EndGlobalSection
	GlobalSection(ExtensibilityGlobals) = postSolution
		SolutionGuid = {9B9D8FA8-955C-4869-8884-A5586D46173F}
	EndGlobalSection
EndGlobal
